// !$*UTF8*$!
{
	archiveVersion = 1;
	classes = {
	};
	objectVersion = 56;
	objects = {

/* Begin PBXBuildFile section */
		AF8A543C2BDB81B600EB4E17 /* AppDelegate.swift in Sources */ = {isa = PBXBuildFile; fileRef = AF8A543B2BDB81B600EB4E17 /* AppDelegate.swift */; };
		AF8A543E2BDB81B600EB4E17 /* SceneDelegate.swift in Sources */ = {isa = PBXBuildFile; fileRef = AF8A543D2BDB81B600EB4E17 /* SceneDelegate.swift */; };
		AF8A54402BDB81B600EB4E17 /* ViewController.swift in Sources */ = {isa = PBXBuildFile; fileRef = AF8A543F2BDB81B600EB4E17 /* ViewController.swift */; };
		AF8A54432BDB81B600EB4E17 /* Base in Resources */ = {isa = PBXBuildFile; fileRef = AF8A54422BDB81B600EB4E17 /* Base */; };
		AF8A54462BDB81B600EB4E17 /* Protocoldelegate.xcdatamodeld in Sources */ = {isa = PBXBuildFile; fileRef = AF8A54442BDB81B600EB4E17 /* Protocoldelegate.xcdatamodeld */; };
		AF8A54482BDB81B800EB4E17 /* Assets.xcassets in Resources */ = {isa = PBXBuildFile; fileRef = AF8A54472BDB81B800EB4E17 /* Assets.xcassets */; };
		AF8A544B2BDB81B800EB4E17 /* Base in Resources */ = {isa = PBXBuildFile; fileRef = AF8A544A2BDB81B800EB4E17 /* Base */; };
		AF8A54562BDB81B800EB4E17 /* ProtocoldelegateTests.swift in Sources */ = {isa = PBXBuildFile; fileRef = AF8A54552BDB81B800EB4E17 /* ProtocoldelegateTests.swift */; };
		AF8A54602BDB81B800EB4E17 /* ProtocoldelegateUITests.swift in Sources */ = {isa = PBXBuildFile; fileRef = AF8A545F2BDB81B800EB4E17 /* ProtocoldelegateUITests.swift */; };
		AF8A54622BDB81B800EB4E17 /* ProtocoldelegateUITestsLaunchTests.swift in Sources */ = {isa = PBXBuildFile; fileRef = AF8A54612BDB81B800EB4E17 /* ProtocoldelegateUITestsLaunchTests.swift */; };
		AF8A546F2BDB839400EB4E17 /* FirstScreenViewController.swift in Sources */ = {isa = PBXBuildFile; fileRef = AF8A546E2BDB839400EB4E17 /* FirstScreenViewController.swift */; };
		AF8A54712BDB83C000EB4E17 /* SecondscreenViewController.swift in Sources */ = {isa = PBXBuildFile; fileRef = AF8A54702BDB83C000EB4E17 /* SecondscreenViewController.swift */; };
/* End PBXBuildFile section */

/* Begin PBXContainerItemProxy section */
		AF8A54522BDB81B800EB4E17 /* PBXContainerItemProxy */ = {
			isa = PBXContainerItemProxy;
			containerPortal = AF8A54302BDB81B600EB4E17 /* Project object */;
			proxyType = 1;
			remoteGlobalIDString = AF8A54372BDB81B600EB4E17;
			remoteInfo = Protocoldelegate;
		};
		AF8A545C2BDB81B800EB4E17 /* PBXContainerItemProxy */ = {
			isa = PBXContainerItemProxy;
			containerPortal = AF8A54302BDB81B600EB4E17 /* Project object */;
			proxyType = 1;
			remoteGlobalIDString = AF8A54372BDB81B600EB4E17;
			remoteInfo = Protocoldelegate;
		};
/* End PBXContainerItemProxy section */

/* Begin PBXFileReference section */
		AF8A54382BDB81B600EB4E17 /* Protocoldelegate.app */ = {isa = PBXFileReference; explicitFileType = wrapper.application; includeInIndex = 0; path = Protocoldelegate.app; sourceTree = BUILT_PRODUCTS_DIR; };
		AF8A543B2BDB81B600EB4E17 /* AppDelegate.swift */ = {isa = PBXFileReference; lastKnownFileType = sourcecode.swift; path = AppDelegate.swift; sourceTree = "<group>"; };
		AF8A543D2BDB81B600EB4E17 /* SceneDelegate.swift */ = {isa = PBXFileReference; lastKnownFileType = sourcecode.swift; path = SceneDelegate.swift; sourceTree = "<group>"; };
		AF8A543F2BDB81B600EB4E17 /* ViewController.swift */ = {isa = PBXFileReference; lastKnownFileType = sourcecode.swift; path = ViewController.swift; sourceTree = "<group>"; };
		AF8A54422BDB81B600EB4E17 /* Base */ = {isa = PBXFileReference; lastKnownFileType = file.storyboard; name = Base; path = Base.lproj/Main.storyboard; sourceTree = "<group>"; };
		AF8A54452BDB81B600EB4E17 /* Protocoldelegate.xcdatamodel */ = {isa = PBXFileReference; lastKnownFileType = wrapper.xcdatamodel; path = Protocoldelegate.xcdatamodel; sourceTree = "<group>"; };
		AF8A54472BDB81B800EB4E17 /* Assets.xcassets */ = {isa = PBXFileReference; lastKnownFileType = folder.assetcatalog; path = Assets.xcassets; sourceTree = "<group>"; };
		AF8A544A2BDB81B800EB4E17 /* Base */ = {isa = PBXFileReference; lastKnownFileType = file.storyboard; name = Base; path = Base.lproj/LaunchScreen.storyboard; sourceTree = "<group>"; };
		AF8A544C2BDB81B800EB4E17 /* Info.plist */ = {isa = PBXFileReference; lastKnownFileType = text.plist.xml; path = Info.plist; sourceTree = "<group>"; };
		AF8A54512BDB81B800EB4E17 /* ProtocoldelegateTests.xctest */ = {isa = PBXFileReference; explicitFileType = wrapper.cfbundle; includeInIndex = 0; path = ProtocoldelegateTests.xctest; sourceTree = BUILT_PRODUCTS_DIR; };
		AF8A54552BDB81B800EB4E17 /* ProtocoldelegateTests.swift */ = {isa = PBXFileReference; lastKnownFileType = sourcecode.swift; path = ProtocoldelegateTests.swift; sourceTree = "<group>"; };
		AF8A545B2BDB81B800EB4E17 /* ProtocoldelegateUITests.xctest */ = {isa = PBXFileReference; explicitFileType = wrapper.cfbundle; includeInIndex = 0; path = ProtocoldelegateUITests.xctest; sourceTree = BUILT_PRODUCTS_DIR; };
		AF8A545F2BDB81B800EB4E17 /* ProtocoldelegateUITests.swift */ = {isa = PBXFileReference; lastKnownFileType = sourcecode.swift; path = ProtocoldelegateUITests.swift; sourceTree = "<group>"; };
		AF8A54612BDB81B800EB4E17 /* ProtocoldelegateUITestsLaunchTests.swift */ = {isa = PBXFileReference; lastKnownFileType = sourcecode.swift; path = ProtocoldelegateUITestsLaunchTests.swift; sourceTree = "<group>"; };
		AF8A546E2BDB839400EB4E17 /* FirstScreenViewController.swift */ = {isa = PBXFileReference; lastKnownFileType = sourcecode.swift; path = FirstScreenViewController.swift; sourceTree = "<group>"; };
		AF8A54702BDB83C000EB4E17 /* SecondscreenViewController.swift */ = {isa = PBXFileReference; lastKnownFileType = sourcecode.swift; path = SecondscreenViewController.swift; sourceTree = "<group>"; };
/* End PBXFileReference section */

/* Begin PBXFrameworksBuildPhase section */
		AF8A54352BDB81B600EB4E17 /* Frameworks */ = {
			isa = PBXFrameworksBuildPhase;
			buildActionMask = 2147483647;
			files = (
			);
			runOnlyForDeploymentPostprocessing = 0;
		};
		AF8A544E2BDB81B800EB4E17 /* Frameworks */ = {
			isa = PBXFrameworksBuildPhase;
			buildActionMask = 2147483647;
			files = (
			);
			runOnlyForDeploymentPostprocessing = 0;
		};
		AF8A54582BDB81B800EB4E17 /* Frameworks */ = {
			isa = PBXFrameworksBuildPhase;
			buildActionMask = 2147483647;
			files = (
			);
			runOnlyForDeploymentPostprocessing = 0;
		};
/* End PBXFrameworksBuildPhase section */

/* Begin PBXGroup section */
		AF8A542F2BDB81B600EB4E17 = {
			isa = PBXGroup;
			children = (
				AF8A543A2BDB81B600EB4E17 /* Protocoldelegate */,
				AF8A54542BDB81B800EB4E17 /* ProtocoldelegateTests */,
				AF8A545E2BDB81B800EB4E17 /* ProtocoldelegateUITests */,
				AF8A54392BDB81B600EB4E17 /* Products */,
			);
			sourceTree = "<group>";
		};
		AF8A54392BDB81B600EB4E17 /* Products */ = {
			isa = PBXGroup;
			children = (
				AF8A54382BDB81B600EB4E17 /* Protocoldelegate.app */,
				AF8A54512BDB81B800EB4E17 /* ProtocoldelegateTests.xctest */,
				AF8A545B2BDB81B800EB4E17 /* ProtocoldelegateUITests.xctest */,
			);
			name = Products;
			sourceTree = "<group>";
		};
		AF8A543A2BDB81B600EB4E17 /* Protocoldelegate */ = {
			isa = PBXGroup;
			children = (
				AF8A543B2BDB81B600EB4E17 /* AppDelegate.swift */,
				AF8A543D2BDB81B600EB4E17 /* SceneDelegate.swift */,
				AF8A543F2BDB81B600EB4E17 /* ViewController.swift */,
				AF8A54412BDB81B600EB4E17 /* Main.storyboard */,
				AF8A54702BDB83C000EB4E17 /* SecondscreenViewController.swift */,
				AF8A546E2BDB839400EB4E17 /* FirstScreenViewController.swift */,
				AF8A54472BDB81B800EB4E17 /* Assets.xcassets */,
				AF8A54492BDB81B800EB4E17 /* LaunchScreen.storyboard */,
				AF8A544C2BDB81B800EB4E17 /* Info.plist */,
				AF8A54442BDB81B600EB4E17 /* Protocoldelegate.xcdatamodeld */,
			);
			path = Protocoldelegate;
			sourceTree = "<group>";
		};
		AF8A54542BDB81B800EB4E17 /* ProtocoldelegateTests */ = {
			isa = PBXGroup;
			children = (
				AF8A54552BDB81B800EB4E17 /* ProtocoldelegateTests.swift */,
			);
			path = ProtocoldelegateTests;
			sourceTree = "<group>";
		};
		AF8A545E2BDB81B800EB4E17 /* ProtocoldelegateUITests */ = {
			isa = PBXGroup;
			children = (
				AF8A545F2BDB81B800EB4E17 /* ProtocoldelegateUITests.swift */,
				AF8A54612BDB81B800EB4E17 /* ProtocoldelegateUITestsLaunchTests.swift */,
			);
			path = ProtocoldelegateUITests;
			sourceTree = "<group>";
		};
/* End PBXGroup section */

/* Begin PBXNativeTarget section */
		AF8A54372BDB81B600EB4E17 /* Protocoldelegate */ = {
			isa = PBXNativeTarget;
			buildConfigurationList = AF8A54652BDB81B800EB4E17 /* Build configuration list for PBXNativeTarget "Protocoldelegate" */;
			buildPhases = (
				AF8A54342BDB81B600EB4E17 /* Sources */,
				AF8A54352BDB81B600EB4E17 /* Frameworks */,
				AF8A54362BDB81B600EB4E17 /* Resources */,
			);
			buildRules = (
			);
			dependencies = (
			);
			name = Protocoldelegate;
			productName = Protocoldelegate;
			productReference = AF8A54382BDB81B600EB4E17 /* Protocoldelegate.app */;
			productType = "com.apple.product-type.application";
		};
		AF8A54502BDB81B800EB4E17 /* ProtocoldelegateTests */ = {
			isa = PBXNativeTarget;
			buildConfigurationList = AF8A54682BDB81B800EB4E17 /* Build configuration list for PBXNativeTarget "ProtocoldelegateTests" */;
			buildPhases = (
				AF8A544D2BDB81B800EB4E17 /* Sources */,
				AF8A544E2BDB81B800EB4E17 /* Frameworks */,
				AF8A544F2BDB81B800EB4E17 /* Resources */,
			);
			buildRules = (
			);
			dependencies = (
				AF8A54532BDB81B800EB4E17 /* PBXTargetDependency */,
			);
			name = ProtocoldelegateTests;
			productName = ProtocoldelegateTests;
			productReference = AF8A54512BDB81B800EB4E17 /* ProtocoldelegateTests.xctest */;
			productType = "com.apple.product-type.bundle.unit-test";
		};
		AF8A545A2BDB81B800EB4E17 /* ProtocoldelegateUITests */ = {
			isa = PBXNativeTarget;
			buildConfigurationList = AF8A546B2BDB81B800EB4E17 /* Build configuration list for PBXNativeTarget "ProtocoldelegateUITests" */;
			buildPhases = (
				AF8A54572BDB81B800EB4E17 /* Sources */,
				AF8A54582BDB81B800EB4E17 /* Frameworks */,
				AF8A54592BDB81B800EB4E17 /* Resources */,
			);
			buildRules = (
			);
			dependencies = (
				AF8A545D2BDB81B800EB4E17 /* PBXTargetDependency */,
			);
			name = ProtocoldelegateUITests;
			productName = ProtocoldelegateUITests;
			productReference = AF8A545B2BDB81B800EB4E17 /* ProtocoldelegateUITests.xctest */;
			productType = "com.apple.product-type.bundle.ui-testing";
		};
/* End PBXNativeTarget section */

/* Begin PBXProject section */
		AF8A54302BDB81B600EB4E17 /* Project object */ = {
			isa = PBXProject;
			attributes = {
				BuildIndependentTargetsInParallel = 1;
				LastSwiftUpdateCheck = 1530;
				LastUpgradeCheck = 1530;
				TargetAttributes = {
					AF8A54372BDB81B600EB4E17 = {
						CreatedOnToolsVersion = 15.3;
					};
					AF8A54502BDB81B800EB4E17 = {
						CreatedOnToolsVersion = 15.3;
						TestTargetID = AF8A54372BDB81B600EB4E17;
					};
					AF8A545A2BDB81B800EB4E17 = {
						CreatedOnToolsVersion = 15.3;
						TestTargetID = AF8A54372BDB81B600EB4E17;
					};
				};
			};
			buildConfigurationList = AF8A54332BDB81B600EB4E17 /* Build configuration list for PBXProject "Protocoldelegate" */;
			compatibilityVersion = "Xcode 14.0";
			developmentRegion = en;
			hasScannedForEncodings = 0;
			knownRegions = (
				en,
				Base,
			);
			mainGroup = AF8A542F2BDB81B600EB4E17;
			productRefGroup = AF8A54392BDB81B600EB4E17 /* Products */;
			projectDirPath = "";
			projectRoot = "";
			targets = (
				AF8A54372BDB81B600EB4E17 /* Protocoldelegate */,
				AF8A54502BDB81B800EB4E17 /* ProtocoldelegateTests */,
				AF8A545A2BDB81B800EB4E17 /* ProtocoldelegateUITests */,
			);
		};
/* End PBXProject section */

/* Begin PBXResourcesBuildPhase section */
		AF8A54362BDB81B600EB4E17 /* Resources */ = {
			isa = PBXResourcesBuildPhase;
			buildActionMask = 2147483647;
			files = (
				AF8A54482BDB81B800EB4E17 /* Assets.xcassets in Resources */,
				AF8A544B2BDB81B800EB4E17 /* Base in Resources */,
				AF8A54432BDB81B600EB4E17 /* Base in Resources */,
			);
			runOnlyForDeploymentPostprocessing = 0;
		};
		AF8A544F2BDB81B800EB4E17 /* Resources */ = {
			isa = PBXResourcesBuildPhase;
			buildActionMask = 2147483647;
			files = (
			);
			runOnlyForDeploymentPostprocessing = 0;
		};
		AF8A54592BDB81B800EB4E17 /* Resources */ = {
			isa = PBXResourcesBuildPhase;
			buildActionMask = 2147483647;
			files = (
			);
			runOnlyForDeploymentPostprocessing = 0;
		};
/* End PBXResourcesBuildPhase section */

/* Begin PBXSourcesBuildPhase section */
		AF8A54342BDB81B600EB4E17 /* Sources */ = {
			isa = PBXSourcesBuildPhase;
			buildActionMask = 2147483647;
			files = (
				AF8A54712BDB83C000EB4E17 /* SecondscreenViewController.swift in Sources */,
				AF8A54402BDB81B600EB4E17 /* ViewController.swift in Sources */,
				AF8A543C2BDB81B600EB4E17 /* AppDelegate.swift in Sources */,
				AF8A54462BDB81B600EB4E17 /* Protocoldelegate.xcdatamodeld in Sources */,
				AF8A543E2BDB81B600EB4E17 /* SceneDelegate.swift in Sources */,
				AF8A546F2BDB839400EB4E17 /* FirstScreenViewController.swift in Sources */,
			);
			runOnlyForDeploymentPostprocessing = 0;
		};
		AF8A544D2BDB81B800EB4E17 /* Sources */ = {
			isa = PBXSourcesBuildPhase;
			buildActionMask = 2147483647;
			files = (
				AF8A54562BDB81B800EB4E17 /* ProtocoldelegateTests.swift in Sources */,
			);
			runOnlyForDeploymentPostprocessing = 0;
		};
		AF8A54572BDB81B800EB4E17 /* Sources */ = {
			isa = PBXSourcesBuildPhase;
			buildActionMask = 2147483647;
			files = (
				AF8A54602BDB81B800EB4E17 /* ProtocoldelegateUITests.swift in Sources */,
				AF8A54622BDB81B800EB4E17 /* ProtocoldelegateUITestsLaunchTests.swift in Sources */,
			);
			runOnlyForDeploymentPostprocessing = 0;
		};
/* End PBXSourcesBuildPhase section */

/* Begin PBXTargetDependency section */
		AF8A54532BDB81B800EB4E17 /* PBXTargetDependency */ = {
			isa = PBXTargetDependency;
			target = AF8A54372BDB81B600EB4E17 /* Protocoldelegate */;
			targetProxy = AF8A54522BDB81B800EB4E17 /* PBXContainerItemProxy */;
		};
		AF8A545D2BDB81B800EB4E17 /* PBXTargetDependency */ = {
			isa = PBXTargetDependency;
			target = AF8A54372BDB81B600EB4E17 /* Protocoldelegate */;
			targetProxy = AF8A545C2BDB81B800EB4E17 /* PBXContainerItemProxy */;
		};
/* End PBXTargetDependency section */

/* Begin PBXVariantGroup section */
		AF8A54412BDB81B600EB4E17 /* Main.storyboard */ = {
			isa = PBXVariantGroup;
			children = (
				AF8A54422BDB81B600EB4E17 /* Base */,
			);
			name = Main.storyboard;
			sourceTree = "<group>";
		};
		AF8A54492BDB81B800EB4E17 /* LaunchScreen.storyboard */ = {
			isa = PBXVariantGroup;
			children = (
				AF8A544A2BDB81B800EB4E17 /* Base */,
			);
			name = LaunchScreen.storyboard;
			sourceTree = "<group>";
		};
/* End PBXVariantGroup section */

/* Begin XCBuildConfiguration section */
		AF8A54632BDB81B800EB4E17 /* Debug */ = {
			isa = XCBuildConfiguration;
			buildSettings = {
				ALWAYS_SEARCH_USER_PATHS = NO;
				ASSETCATALOG_COMPILER_GENERATE_SWIFT_ASSET_SYMBOL_EXTENSIONS = YES;
				CLANG_ANALYZER_NONNULL = YES;
				CLANG_ANALYZER_NUMBER_OBJECT_CONVERSION = YES_AGGRESSIVE;
				CLANG_CXX_LANGUAGE_STANDARD = "gnu++20";
				CLANG_ENABLE_MODULES = YES;
				CLANG_ENABLE_OBJC_ARC = YES;
				CLANG_ENABLE_OBJC_WEAK = YES;
				CLANG_WARN_BLOCK_CAPTURE_AUTORELEASING = YES;
				CLANG_WARN_BOOL_CONVERSION = YES;
				CLANG_WARN_COMMA = YES;
				CLANG_WARN_CONSTANT_CONVERSION = YES;
				CLANG_WARN_DEPRECATED_OBJC_IMPLEMENTATIONS = YES;
				CLANG_WARN_DIRECT_OBJC_ISA_USAGE = YES_ERROR;
				CLANG_WARN_DOCUMENTATION_COMMENTS = YES;
				CLANG_WARN_EMPTY_BODY = YES;
				CLANG_WARN_ENUM_CONVERSION = YES;
				CLANG_WARN_INFINITE_RECURSION = YES;
				CLANG_WARN_INT_CONVERSION = YES;
				CLANG_WARN_NON_LITERAL_NULL_CONVERSION = YES;
				CLANG_WARN_OBJC_IMPLICIT_RETAIN_SELF = YES;
				CLANG_WARN_OBJC_LITERAL_CONVERSION = YES;
				CLANG_WARN_OBJC_ROOT_CLASS = YES_ERROR;
				CLANG_WARN_QUOTED_INCLUDE_IN_FRAMEWORK_HEADER = YES;
				CLANG_WARN_RANGE_LOOP_ANALYSIS = YES;
				CLANG_WARN_STRICT_PROTOTYPES = YES;
				CLANG_WARN_SUSPICIOUS_MOVE = YES;
				CLANG_WARN_UNGUARDED_AVAILABILITY = YES_AGGRESSIVE;
				CLANG_WARN_UNREACHABLE_CODE = YES;
				CLANG_WARN__DUPLICATE_METHOD_MATCH = YES;
				COPY_PHASE_STRIP = NO;
				DEBUG_INFORMATION_FORMAT = dwarf;
				ENABLE_STRICT_OBJC_MSGSEND = YES;
				ENABLE_TESTABILITY = YES;
				ENABLE_USER_SCRIPT_SANDBOXING = YES;
				GCC_C_LANGUAGE_STANDARD = gnu17;
				GCC_DYNAMIC_NO_PIC = NO;
				GCC_NO_COMMON_BLOCKS = YES;
				GCC_OPTIMIZATION_LEVEL = 0;
				GCC_PREPROCESSOR_DEFINITIONS = (
					"DEBUG=1",
					"$(inherited)",
				);
				GCC_WARN_64_TO_32_BIT_CONVERSION = YES;
				GCC_WARN_ABOUT_RETURN_TYPE = YES_ERROR;
				GCC_WARN_UNDECLARED_SELECTOR = YES;
				GCC_WARN_UNINITIALIZED_AUTOS = YES_AGGRESSIVE;
				GCC_WARN_UNUSED_FUNCTION = YES;
				GCC_WARN_UNUSED_VARIABLE = YES;
				IPHONEOS_DEPLOYMENT_TARGET = 17.4;
				LOCALIZATION_PREFERS_STRING_CATALOGS = YES;
				MTL_ENABLE_DEBUG_INFO = INCLUDE_SOURCE;
				MTL_FAST_MATH = YES;
				ONLY_ACTIVE_ARCH = YES;
				SDKROOT = iphoneos;
				SWIFT_ACTIVE_COMPILATION_CONDITIONS = "DEBUG $(inherited)";
				SWIFT_OPTIMIZATION_LEVEL = "-Onone";
			};
			name = Debug;
		};
		AF8A54642BDB81B800EB4E17 /* Release */ = {
			isa = XCBuildConfiguration;
			buildSettings = {
				ALWAYS_SEARCH_USER_PATHS = NO;
				ASSETCATALOG_COMPILER_GENERATE_SWIFT_ASSET_SYMBOL_EXTENSIONS = YES;
				CLANG_ANALYZER_NONNULL = YES;
				CLANG_ANALYZER_NUMBER_OBJECT_CONVERSION = YES_AGGRESSIVE;
				CLANG_CXX_LANGUAGE_STANDARD = "gnu++20";
				CLANG_ENABLE_MODULES = YES;
				CLANG_ENABLE_OBJC_ARC = YES;
				CLANG_ENABLE_OBJC_WEAK = YES;
				CLANG_WARN_BLOCK_CAPTURE_AUTORELEASING = YES;
				CLANG_WARN_BOOL_CONVERSION = YES;
				CLANG_WARN_COMMA = YES;
				CLANG_WARN_CONSTANT_CONVERSION = YES;
				CLANG_WARN_DEPRECATED_OBJC_IMPLEMENTATIONS = YES;
				CLANG_WARN_DIRECT_OBJC_ISA_USAGE = YES_ERROR;
				CLANG_WARN_DOCUMENTATION_COMMENTS = YES;
				CLANG_WARN_EMPTY_BODY = YES;
				CLANG_WARN_ENUM_CONVERSION = YES;
				CLANG_WARN_INFINITE_RECURSION = YES;
				CLANG_WARN_INT_CONVERSION = YES;
				CLANG_WARN_NON_LITERAL_NULL_CONVERSION = YES;
				CLANG_WARN_OBJC_IMPLICIT_RETAIN_SELF = YES;
				CLANG_WARN_OBJC_LITERAL_CONVERSION = YES;
				CLANG_WARN_OBJC_ROOT_CLASS = YES_ERROR;
				CLANG_WARN_QUOTED_INCLUDE_IN_FRAMEWORK_HEADER = YES;
				CLANG_WARN_RANGE_LOOP_ANALYSIS = YES;
				CLANG_WARN_STRICT_PROTOTYPES = YES;
				CLANG_WARN_SUSPICIOUS_MOVE = YES;
				CLANG_WARN_UNGUARDED_AVAILABILITY = YES_AGGRESSIVE;
				CLANG_WARN_UNREACHABLE_CODE = YES;
				CLANG_WARN__DUPLICATE_METHOD_MATCH = YES;
				COPY_PHASE_STRIP = NO;
				DEBUG_INFORMATION_FORMAT = "dwarf-with-dsym";
				ENABLE_NS_ASSERTIONS = NO;
				ENABLE_STRICT_OBJC_MSGSEND = YES;
				ENABLE_USER_SCRIPT_SANDBOXING = YES;
				GCC_C_LANGUAGE_STANDARD = gnu17;
				GCC_NO_COMMON_BLOCKS = YES;
				GCC_WARN_64_TO_32_BIT_CONVERSION = YES;
				GCC_WARN_ABOUT_RETURN_TYPE = YES_ERROR;
				GCC_WARN_UNDECLARED_SELECTOR = YES;
				GCC_WARN_UNINITIALIZED_AUTOS = YES_AGGRESSIVE;
				GCC_WARN_UNUSED_FUNCTION = YES;
				GCC_WARN_UNUSED_VARIABLE = YES;
				IPHONEOS_DEPLOYMENT_TARGET = 17.4;
				LOCALIZATION_PREFERS_STRING_CATALOGS = YES;
				MTL_ENABLE_DEBUG_INFO = NO;
				MTL_FAST_MATH = YES;
				SDKROOT = iphoneos;
				SWIFT_COMPILATION_MODE = wholemodule;
				VALIDATE_PRODUCT = YES;
			};
			name = Release;
		};
		AF8A54662BDB81B800EB4E17 /* Debug */ = {
			isa = XCBuildConfiguration;
			buildSettings = {
				ASSETCATALOG_COMPILER_APPICON_NAME = AppIcon;
				ASSETCATALOG_COMPILER_GLOBAL_ACCENT_COLOR_NAME = AccentColor;
				CODE_SIGN_STYLE = Automatic;
				CURRENT_PROJECT_VERSION = 1;
				GENERATE_INFOPLIST_FILE = YES;
				INFOPLIST_FILE = Protocoldelegate/Info.plist;
				INFOPLIST_KEY_UIApplicationSupportsIndirectInputEvents = YES;
				INFOPLIST_KEY_UILaunchStoryboardName = LaunchScreen;
				INFOPLIST_KEY_UIMainStoryboardFile = Main;
				INFOPLIST_KEY_UISupportedInterfaceOrientations_iPad = "UIInterfaceOrientationPortrait UIInterfaceOrientationPortraitUpsideDown UIInterfaceOrientationLandscapeLeft UIInterfaceOrientationLandscapeRight";
				INFOPLIST_KEY_UISupportedInterfaceOrientations_iPhone = "UIInterfaceOrientationPortrait UIInterfaceOrientationLandscapeLeft UIInterfaceOrientationLandscapeRight";
				LD_RUNPATH_SEARCH_PATHS = (
					"$(inherited)",
					"@executable_path/Frameworks",
				);
				MARKETING_VERSION = 1.0;
				PRODUCT_BUNDLE_IDENTIFIER = DUMMY.Protocoldelegate;
				PRODUCT_NAME = "$(TARGET_NAME)";
				SWIFT_EMIT_LOC_STRINGS = YES;
				SWIFT_VERSION = 5.0;
				TARGETED_DEVICE_FAMILY = "1,2";
			};
			name = Debug;
		};
		AF8A54672BDB81B800EB4E17 /* Release */ = {
			isa = XCBuildConfiguration;
			buildSettings = {
				ASSETCATALOG_COMPILER_APPICON_NAME = AppIcon;
				ASSETCATALOG_COMPILER_GLOBAL_ACCENT_COLOR_NAME = AccentColor;
				CODE_SIGN_STYLE = Automatic;
				CURRENT_PROJECT_VERSION = 1;
				GENERATE_INFOPLIST_FILE = YES;
				INFOPLIST_FILE = Protocoldelegate/Info.plist;
				INFOPLIST_KEY_UIApplicationSupportsIndirectInputEvents = YES;
				INFOPLIST_KEY_UILaunchStoryboardName = LaunchScreen;
				INFOPLIST_KEY_UIMainStoryboardFile = Main;
				INFOPLIST_KEY_UISupportedInterfaceOrientations_iPad = "UIInterfaceOrientationPortrait UIInterfaceOrientationPortraitUpsideDown UIInterfaceOrientationLandscapeLeft UIInterfaceOrientationLandscapeRight";
				INFOPLIST_KEY_UISupportedInterfaceOrientations_iPhone = "UIInterfaceOrientationPortrait UIInterfaceOrientationLandscapeLeft UIInterfaceOrientationLandscapeRight";
				LD_RUNPATH_SEARCH_PATHS = (
					"$(inherited)",
					"@executable_path/Frameworks",
				);
				MARKETING_VERSION = 1.0;
				PRODUCT_BUNDLE_IDENTIFIER = DUMMY.Protocoldelegate;
				PRODUCT_NAME = "$(TARGET_NAME)";
				SWIFT_EMIT_LOC_STRINGS = YES;
				SWIFT_VERSION = 5.0;
				TARGETED_DEVICE_FAMILY = "1,2";
			};
			name = Release;
		};
		AF8A54692BDB81B800EB4E17 /* Debug */ = {
			isa = XCBuildConfiguration;
			buildSettings = {
				ALWAYS_EMBED_SWIFT_STANDARD_LIBRARIES = YES;
				BUNDLE_LOADER = "$(TEST_HOST)";
				CODE_SIGN_STYLE = Automatic;
				CURRENT_PROJECT_VERSION = 1;
				GENERATE_INFOPLIST_FILE = YES;
				IPHONEOS_DEPLOYMENT_TARGET = 17.4;
				MARKETING_VERSION = 1.0;
				PRODUCT_BUNDLE_IDENTIFIER = DUMMY.ProtocoldelegateTests;
				PRODUCT_NAME = "$(TARGET_NAME)";
				SWIFT_EMIT_LOC_STRINGS = NO;
				SWIFT_VERSION = 5.0;
				TARGETED_DEVICE_FAMILY = "1,2";
				TEST_HOST = "$(BUILT_PRODUCTS_DIR)/Protocoldelegate.app/$(BUNDLE_EXECUTABLE_FOLDER_PATH)/Protocoldelegate";
			};
			name = Debug;
		};
		AF8A546A2BDB81B800EB4E17 /* Release */ = {
			isa = XCBuildConfiguration;
			buildSettings = {
				ALWAYS_EMBED_SWIFT_STANDARD_LIBRARIES = YES;
				BUNDLE_LOADER = "$(TEST_HOST)";
				CODE_SIGN_STYLE = Automatic;
				CURRENT_PROJECT_VERSION = 1;
				GENERATE_INFOPLIST_FILE = YES;
				IPHONEOS_DEPLOYMENT_TARGET = 17.4;
				MARKETING_VERSION = 1.0;
				PRODUCT_BUNDLE_IDENTIFIER = DUMMY.ProtocoldelegateTests;
				PRODUCT_NAME = "$(TARGET_NAME)";
				SWIFT_EMIT_LOC_STRINGS = NO;
				SWIFT_VERSION = 5.0;
				TARGETED_DEVICE_FAMILY = "1,2";
				TEST_HOST = "$(BUILT_PRODUCTS_DIR)/Protocoldelegate.app/$(BUNDLE_EXECUTABLE_FOLDER_PATH)/Protocoldelegate";
			};
			name = Release;
		};
		AF8A546C2BDB81B800EB4E17 /* Debug */ = {
			isa = XCBuildConfiguration;
			buildSettings = {
				ALWAYS_EMBED_SWIFT_STANDARD_LIBRARIES = YES;
				CODE_SIGN_STYLE = Automatic;
				CURRENT_PROJECT_VERSION = 1;
				GENERATE_INFOPLIST_FILE = YES;
				MARKETING_VERSION = 1.0;
				PRODUCT_BUNDLE_IDENTIFIER = DUMMY.ProtocoldelegateUITests;
				PRODUCT_NAME = "$(TARGET_NAME)";
				SWIFT_EMIT_LOC_STRINGS = NO;
				SWIFT_VERSION = 5.0;
				TARGETED_DEVICE_FAMILY = "1,2";
				TEST_TARGET_NAME = Protocoldelegate;
			};
			name = Debug;
		};
		AF8A546D2BDB81B800EB4E17 /* Release */ = {
			isa = XCBuildConfiguration;
			buildSettings = {
				ALWAYS_EMBED_SWIFT_STANDARD_LIBRARIES = YES;
				CODE_SIGN_STYLE = Automatic;
				CURRENT_PROJECT_VERSION = 1;
				GENERATE_INFOPLIST_FILE = YES;
				MARKETING_VERSION = 1.0;
				PRODUCT_BUNDLE_IDENTIFIER = DUMMY.ProtocoldelegateUITests;
				PRODUCT_NAME = "$(TARGET_NAME)";
				SWIFT_EMIT_LOC_STRINGS = NO;
				SWIFT_VERSION = 5.0;
				TARGETED_DEVICE_FAMILY = "1,2";
				TEST_TARGET_NAME = Protocoldelegate;
			};
			name = Release;
		};
/* End XCBuildConfiguration section */

/* Begin XCConfigurationList section */
		AF8A54332BDB81B600EB4E17 /* Build configuration list for PBXProject "Protocoldelegate" */ = {
			isa = XCConfigurationList;
			buildConfigurations = (
				AF8A54632BDB81B800EB4E17 /* Debug */,
				AF8A54642BDB81B800EB4E17 /* Release */,
			);
			defaultConfigurationIsVisible = 0;
			defaultConfigurationName = Release;
		};
		AF8A54652BDB81B800EB4E17 /* Build configuration list for PBXNativeTarget "Protocoldelegate" */ = {
			isa = XCConfigurationList;
			buildConfigurations = (
				AF8A54662BDB81B800EB4E17 /* Debug */,
				AF8A54672BDB81B800EB4E17 /* Release */,
			);
			defaultConfigurationIsVisible = 0;
			defaultConfigurationName = Release;
		};
		AF8A54682BDB81B800EB4E17 /* Build configuration list for PBXNativeTarget "ProtocoldelegateTests" */ = {
			isa = XCConfigurationList;
			buildConfigurations = (
				AF8A54692BDB81B800EB4E17 /* Debug */,
				AF8A546A2BDB81B800EB4E17 /* Release */,
			);
			defaultConfigurationIsVisible = 0;
			defaultConfigurationName = Release;
		};
		AF8A546B2BDB81B800EB4E17 /* Build configuration list for PBXNativeTarget "ProtocoldelegateUITests" */ = {
			isa = XCConfigurationList;
			buildConfigurations = (
				AF8A546C2BDB81B800EB4E17 /* Debug */,
				AF8A546D2BDB81B800EB4E17 /* Release */,
			);
			defaultConfigurationIsVisible = 0;
			defaultConfigurationName = Release;
		};
/* End XCConfigurationList section */

/* Begin XCVersionGroup section */
		AF8A54442BDB81B600EB4E17 /* Protocoldelegate.xcdatamodeld */ = {
			isa = XCVersionGroup;
			children = (
				AF8A54452BDB81B600EB4E17 /* Protocoldelegate.xcdatamodel */,
			);
			currentVersion = AF8A54452BDB81B600EB4E17 /* Protocoldelegate.xcdatamodel */;
			path = Protocoldelegate.xcdatamodeld;
			sourceTree = "<group>";
			versionGroupType = wrapper.xcdatamodel;
		};
/* End XCVersionGroup section */
	};
	rootObject = AF8A54302BDB81B600EB4E17 /* Project object */;
}
